# This file was autogenerated by Stack.
# You should not edit this file by hand.
# For more information, please see the documentation at:
#   https://docs.haskellstack.org/en/stable/lock_files

packages:
- completed:
    size: 2950974
    subdir: lib/haskell/anyall
    url: https://github.com/smucclaw/dsl/archive/32ed64a6b0faa0234ac6cb882115ed7020207d85.tar.gz
    name: anyall
    version: 0.1.0.0
    sha256: ed22cceca25505dfded8b86d377824c3ff4448b7794053760beb7e0a334171ec
    pantry-tree:
      size: 1180
      sha256: f1cc93897393b11da737d760393635af13443714daf3d2cec5e26e79351c7700
  original:
    subdir: lib/haskell/anyall
    url: https://github.com/smucclaw/dsl/archive/32ed64a6b0faa0234ac6cb882115ed7020207d85.tar.gz
- completed:
    size: 3146789
    url: https://github.com/smucclaw/baby-l4/archive/cd12688ea2c2a8163174358d15470e1cd9a72c93.tar.gz
    name: baby-l4
    version: 0.1.0.0
    sha256: 7482ddd0a48caf81766f3cc866bffc2bc60b76456bc70adfa006e5c9e154c159
    pantry-tree:
      size: 9050
      sha256: eacc5657f355a92d54c69a0225ebd5c5c701fc8f919afd7ef08997c9349f77d1
  original:
    url: https://github.com/smucclaw/baby-l4/archive/cd12688ea2c2a8163174358d15470e1cd9a72c93.tar.gz
- completed:
    hackage: svg-builder-0.1.1@sha256:22de54d326a6b6912e461e1302edb9108b02aac0b6a6368fcdc3c4a224d487fd,1440
    pantry-tree:
      size: 535
      sha256: 677ee9598c5dedb3ef8959c26a6c65f29b3e1e3c5e83433921aef17d86a22d50
  original:
    hackage: svg-builder-0.1.1
- completed:
    hackage: gf-3.11@sha256:759747f8644a3bb133e7e6d343b2454d81400e92acc2e9678d091ce50af827ac,9009
    pantry-tree:
      size: 18807
      sha256: e9012408d7b88cfb55f91c0c1d31aebc97cc8824b860c2e7cc5747b90a0bd190
  original:
    hackage: gf-3.11@sha256:759747f8644a3bb133e7e6d343b2454d81400e92acc2e9678d091ce50af827ac,9009
- completed:
    hackage: network-3.1.2.5@sha256:433a5e076aaa8eb3e4158abae78fb409c6bd754e9af99bc2e87583d2bcd8404a,4888
    pantry-tree:
      size: 3971
      sha256: 957e4dbb988f47164c821807297a6020c1108cd3265582ac2aa9292708cb62c9
  original:
    hackage: network-3.1.2.5@sha256:433a5e076aaa8eb3e4158abae78fb409c6bd754e9af99bc2e87583d2bcd8404a,4888
- completed:
    size: 1349191
    url: https://github.com/anka-213/gf-ud/archive/8e70b1f555ac0586d52b510d3589c3dba5d3b9db.tar.gz
    name: gf-ud
    version: 0.1.0.0
    sha256: b4c8229b9df8cf70b1e9cae0172b790e15e6e68dbb8167a30198862165715b8f
    pantry-tree:
      size: 6064
      sha256: aa252d535730ba780f2a7eb1689775bae1acee60a60237052f5bce630b5adbf2
  original:
    url: https://github.com/anka-213/gf-ud/archive/8e70b1f555ac0586d52b510d3589c3dba5d3b9db.tar.gz
snapshots:
- completed:
    size: 586268
    url: https://raw.githubusercontent.com/commercialhaskell/stackage-snapshots/master/lts/18/13.yaml
    sha256: d9e658a22cfe8d87a64fdf219885f942fef5fe2bcb156a9800174911c5da2443
  original:
    url: https://raw.githubusercontent.com/commercialhaskell/stackage-snapshots/master/lts/18/13.yaml
