# This file was autogenerated by Stack.
# You should not edit this file by hand.
# For more information, please see the documentation at:
#   https://docs.haskellstack.org/en/stable/lock_files

packages:
- completed:
    size: 2950566
    subdir: lib/haskell/anyall
    url: https://github.com/smucclaw/dsl/archive/3e56b3008f1164725575a9bb2f87504dc8fa30eb.tar.gz
    name: anyall
    version: 0.1.0.0
    sha256: 09cadf9b5b21f2bbbe54bb096f39e1df9591375517eb2ea8494422e64e05a4e1
    pantry-tree:
      size: 1180
      sha256: 5ae6f30a8d0b1f3e7c484b286a38dda6aa021872931018863f231fdbcd1f1ae6
  original:
    subdir: lib/haskell/anyall
    url: https://github.com/smucclaw/dsl/archive/3e56b3008f1164725575a9bb2f87504dc8fa30eb.tar.gz
- completed:
    size: 3149280
    subdir: .
    url: https://github.com/smucclaw/baby-l4/archive/51e312007b5c662a1bd17f1afae639c43a8a64f2.tar.gz
    name: baby-l4
    version: 0.1.0.0
    sha256: de3baae63a31f9b561b7856628214cd7559746a4b89f81c7c4fd5b3a455d25ce
    pantry-tree:
      size: 9379
      sha256: d5defa3fd84b3febfaa60672c5ddf914cb24d660dba0f878c64b4962d0ef5c7b
  original:
    subdir: .
    url: https://github.com/smucclaw/baby-l4/archive/51e312007b5c662a1bd17f1afae639c43a8a64f2.tar.gz
- completed:
    size: 3149280
    subdir: baby-l4-core
    url: https://github.com/smucclaw/baby-l4/archive/51e312007b5c662a1bd17f1afae639c43a8a64f2.tar.gz
    name: baby-l4-core
    version: 0.1.0.0
    sha256: de3baae63a31f9b561b7856628214cd7559746a4b89f81c7c4fd5b3a455d25ce
    pantry-tree:
      size: 650
      sha256: 87ffba6fe9bb41556dbc161e2ee3e6e9317ac122b36ea816d222b1b1f1aa8c17
  original:
    subdir: baby-l4-core
    url: https://github.com/smucclaw/baby-l4/archive/51e312007b5c662a1bd17f1afae639c43a8a64f2.tar.gz
- completed:
    hackage: svg-builder-0.1.1@sha256:22de54d326a6b6912e461e1302edb9108b02aac0b6a6368fcdc3c4a224d487fd,1440
    pantry-tree:
      size: 535
      sha256: 677ee9598c5dedb3ef8959c26a6c65f29b3e1e3c5e83433921aef17d86a22d50
  original:
    hackage: svg-builder-0.1.1
- completed:
    hackage: gf-3.11@sha256:759747f8644a3bb133e7e6d343b2454d81400e92acc2e9678d091ce50af827ac,9009
    pantry-tree:
      size: 18807
      sha256: e9012408d7b88cfb55f91c0c1d31aebc97cc8824b860c2e7cc5747b90a0bd190
  original:
    hackage: gf-3.11@sha256:759747f8644a3bb133e7e6d343b2454d81400e92acc2e9678d091ce50af827ac,9009
- completed:
    hackage: network-3.1.2.5@sha256:433a5e076aaa8eb3e4158abae78fb409c6bd754e9af99bc2e87583d2bcd8404a,4888
    pantry-tree:
      size: 3971
      sha256: 957e4dbb988f47164c821807297a6020c1108cd3265582ac2aa9292708cb62c9
  original:
    hackage: network-3.1.2.5@sha256:433a5e076aaa8eb3e4158abae78fb409c6bd754e9af99bc2e87583d2bcd8404a,4888
- completed:
    size: 1349191
    url: https://github.com/anka-213/gf-ud/archive/8e70b1f555ac0586d52b510d3589c3dba5d3b9db.tar.gz
    name: gf-ud
    version: 0.1.0.0
    sha256: b4c8229b9df8cf70b1e9cae0172b790e15e6e68dbb8167a30198862165715b8f
    pantry-tree:
      size: 6064
      sha256: aa252d535730ba780f2a7eb1689775bae1acee60a60237052f5bce630b5adbf2
  original:
    url: https://github.com/anka-213/gf-ud/archive/8e70b1f555ac0586d52b510d3589c3dba5d3b9db.tar.gz
- completed:
    hackage: MissingH-1.4.3.0@sha256:32f9892ec98cd21df4f4d3ed8d95a3831ae74287ea0641d6f09b2dc6ef061d39,4859
    pantry-tree:
      size: 5271
      sha256: 6cd6a7213615d72a7db3234c7fcd4346ceb4889bc8fb14b302b5878768018fcd
  original:
    hackage: MissingH-1.4.3.0@sha256:32f9892ec98cd21df4f4d3ed8d95a3831ae74287ea0641d6f09b2dc6ef061d39,4859
- completed:
    hackage: simple-smt-0.9.7@sha256:a93eba88f8177e13b39bf664b53ad65ca8eea976f00cae443c081b3ea3c26fb3,736
    pantry-tree:
      size: 253
      sha256: ddbb8343712ef5d96480180f4df7113db80ecb41336ec3e02876ccdb6ff6b547
  original:
    hackage: simple-smt-0.9.7@sha256:a93eba88f8177e13b39bf664b53ad65ca8eea976f00cae443c081b3ea3c26fb3,736
- completed:
    hackage: prolog-0.3.2@sha256:3a447764bf97ef7104e6c93a3314cb4f1b730b237eb04974632d2d86fa7b67a3,1105
    pantry-tree:
      size: 741
      sha256: f23b5ae4da14ec67060a97d7360ead327c0e0f59e962a5b000e24c4624bd35d9
  original:
    hackage: prolog-0.3.2@sha256:3a447764bf97ef7104e6c93a3314cb4f1b730b237eb04974632d2d86fa7b67a3,1105
snapshots:
- completed:
    size: 586268
    url: https://raw.githubusercontent.com/commercialhaskell/stackage-snapshots/master/lts/18/13.yaml
    sha256: d9e658a22cfe8d87a64fdf219885f942fef5fe2bcb156a9800174911c5da2443
  original:
    url: https://raw.githubusercontent.com/commercialhaskell/stackage-snapshots/master/lts/18/13.yaml
