# This file was autogenerated by Stack.
# You should not edit this file by hand.
# For more information, please see the documentation at:
#   https://docs.haskellstack.org/en/stable/lock_files

packages:
- completed:
    size: 2950974
    subdir: lib/haskell/anyall
    url: https://github.com/smucclaw/dsl/archive/32ed64a6b0faa0234ac6cb882115ed7020207d85.tar.gz
    name: anyall
    version: 0.1.0.0
    sha256: ed22cceca25505dfded8b86d377824c3ff4448b7794053760beb7e0a334171ec
    pantry-tree:
      size: 1180
      sha256: f1cc93897393b11da737d760393635af13443714daf3d2cec5e26e79351c7700
  original:
    subdir: lib/haskell/anyall
    url: https://github.com/smucclaw/dsl/archive/32ed64a6b0faa0234ac6cb882115ed7020207d85.tar.gz
- completed:
    hackage: svg-builder-0.1.1@sha256:22de54d326a6b6912e461e1302edb9108b02aac0b6a6368fcdc3c4a224d487fd,1440
    pantry-tree:
      size: 535
      sha256: 677ee9598c5dedb3ef8959c26a6c65f29b3e1e3c5e83433921aef17d86a22d50
  original:
    hackage: svg-builder-0.1.1
snapshots:
- completed:
    size: 586268
    url: https://raw.githubusercontent.com/commercialhaskell/stackage-snapshots/master/lts/18/13.yaml
    sha256: d9e658a22cfe8d87a64fdf219885f942fef5fe2bcb156a9800174911c5da2443
  original:
    url: https://raw.githubusercontent.com/commercialhaskell/stackage-snapshots/master/lts/18/13.yaml
