# This file was autogenerated by Stack.
# You should not edit this file by hand.
# For more information, please see the documentation at:
#   https://docs.haskellstack.org/en/stable/lock_files

packages:
- completed:
    name: baby-l4
    pantry-tree:
      sha256: 0ef5dd42b4eacbfae64ef7d4ae0088938b34790315496e5976da36cea3bbb522
      size: 12318
    sha256: ac4622708a72f340eb8793ace5404a92d7cd85d29edd1452c1a561d146637b43
    size: 3189390
    url: https://github.com/smucclaw/baby-l4/archive/0a74bf3.tar.gz
    version: 0.1.2.1
  original:
    url: https://github.com/smucclaw/baby-l4/archive/0a74bf3.tar.gz
- completed:
    name: gf
    pantry-tree:
      sha256: ab1b24b4d2c8f56f19dd8bf6e345c38cc2c7c5243e2c552ff2cb9ad472df7818
      size: 67922
    sha256: 27012d1bf5d626a4446ad04f877255409a4d215494a0901d5510fa7748662d20
    size: 3499717
    url: https://github.com/smucclaw/gf-core/archive/edb55df7b0c4892ba0bac2817b5f493921c20c36.tar.gz
    version: 3.11.1
  original:
    url: https://github.com/smucclaw/gf-core/archive/edb55df7b0c4892ba0bac2817b5f493921c20c36.tar.gz
- completed:
    name: prolog
    pantry-tree:
      sha256: e5ff5e42a409ec85dabb40363e10ec8929b2e4df9c37d06e5213b1240a220f49
      size: 839
    sha256: 2a64f5537d26e10075ee3700461d175d21c798f7061d1552cba9bf51f34e38fc
    size: 9494
    url: https://github.com/smucclaw/prolog/archive/1f793236846ad506eef1cf3acd8646334123088d.tar.gz
    version: 0.3.2
  original:
    url: https://github.com/smucclaw/prolog/archive/1f793236846ad506eef1cf3acd8646334123088d.tar.gz
- completed:
    name: wordnet
    pantry-tree:
      sha256: 7db8d23ba9a90ac1cc7a51d98bd3d464d3dcfe0c0f04b6ca795878c4f2d3ac1a
      size: 5871
    sha256: 6a59dbb54d0067e9bbd95456b74be72481ec2e1835a85e7d2c5e7cc6472a23e4
    size: 16398419
    url: https://github.com/anka-213/haskell-wordnet/archive/a6d675bcbe1585fc652f95f60e0dec826a660646.tar.gz
    version: 0.1.1.0
  original:
    url: https://github.com/anka-213/haskell-wordnet/archive/a6d675bcbe1585fc652f95f60e0dec826a660646.tar.gz
- completed:
    hackage: simple-smt-0.9.7@sha256:a93eba88f8177e13b39bf664b53ad65ca8eea976f00cae443c081b3ea3c26fb3,736
    pantry-tree:
      sha256: ddbb8343712ef5d96480180f4df7113db80ecb41336ec3e02876ccdb6ff6b547
      size: 253
  original:
    hackage: simple-smt-0.9.7@sha256:a93eba88f8177e13b39bf664b53ad65ca8eea976f00cae443c081b3ea3c26fb3,736
- completed:
    hackage: cgi-3001.5.0.0@sha256:3d1193a328d5f627a021a0ef3927c1ae41dd341e32dba612fed52d0e3a6df056,2990
    pantry-tree:
      sha256: c6f1c2f201b196b43cd8d0537482796c9fd389b40c4be945ee66348d31f130bf
      size: 993
  original:
    hackage: cgi-3001.5.0.0@sha256:3d1193a328d5f627a021a0ef3927c1ae41dd341e32dba612fed52d0e3a6df056,2990
- completed:
    hackage: compact-0.2.0.0@sha256:75ef98cb51201b4a0d6de95cbbb62be6237c092a3d594737346c70c5d56c2380,2413
    pantry-tree:
      sha256: 9514e48c9141b29a5f58b27c2950f17cc1c53eea3d393a6a1ed46ca16e876754
      size: 546
  original:
    hackage: compact-0.2.0.0@sha256:75ef98cb51201b4a0d6de95cbbb62be6237c092a3d594737346c70c5d56c2380,2413
- completed:
    hackage: lsp-1.6.0.0@sha256:2b95e406cc85ffa95406ae8ad7d16b82283a6ca2fcb7ea5308a4ef3e6d6e68e6,4397
    pantry-tree:
      sha256: 43a82c501ec3074d888f2bf4960e4b447028c1537abbca4cf65e74944604bf62
      size: 1044
  original:
    hackage: lsp-1.6.0.0@sha256:2b95e406cc85ffa95406ae8ad7d16b82283a6ca2fcb7ea5308a4ef3e6d6e68e6,4397
- completed:
    hackage: co-log-core-0.3.2.0@sha256:9b2699adecee2f072b6c713089e675b592ef23f00a2ff3740bdaf4d87de8d456,3850
    pantry-tree:
      sha256: af9c807ce50a126706bd99983ec71c060a489ab2b914de8dbccf756adccc2a43
      size: 584
  original:
    hackage: co-log-core-0.3.2.0@sha256:9b2699adecee2f072b6c713089e675b592ef23f00a2ff3740bdaf4d87de8d456,3850
- completed:
    hackage: multipart-0.2.1@sha256:c96322a5bb34c29738ba82345d071a8e07d752648de3522f1c04d96df955ea0d,1150
    pantry-tree:
      sha256: 935927f27b1406c529a992e99b6ad76669612831d5aef4dae1717c5927263cff
      size: 383
  original:
    hackage: multipart-0.2.1@sha256:c96322a5bb34c29738ba82345d071a8e07d752648de3522f1c04d96df955ea0d,1150
snapshots:
- completed:
    sha256: fc39d8afc97531d53d87b10abdef593bce503c0c1e46c2e9a84ebcbc78bf8470
    size: 648432
    url: https://raw.githubusercontent.com/commercialhaskell/stackage-snapshots/master/lts/20/2.yaml
  original: lts-20.2
