# This file was autogenerated by Stack.
# You should not edit this file by hand.
# For more information, please see the documentation at:
#   https://docs.haskellstack.org/en/stable/lock_files

packages:
- completed:
    size: 2951222
    subdir: lib/haskell/anyall
    url: https://github.com/smucclaw/dsl/archive/9f52fe526a469164d57f843cd008125fd25a69a2.tar.gz
    name: anyall
    version: 0.1.0.0
    sha256: 723abc5d1464392040e4001f4ef34781bf707861071e82f1bd689732e5be5c3d
    pantry-tree:
      size: 1268
      sha256: e2a406da7d8ff668af43b93bf5e1cf5a0c7d4f425e9913976bb560839dc4e653
  original:
    subdir: lib/haskell/anyall
    url: https://github.com/smucclaw/dsl/archive/9f52fe526a469164d57f843cd008125fd25a69a2.tar.gz
- completed:
    size: 3154513
    subdir: .
    url: https://github.com/smucclaw/baby-l4/archive/c757e61613b419940d1acc2c632d066bef2406b7.tar.gz
    name: baby-l4
    version: 0.1.0.0
    sha256: 47cd67b3ac089a683516a0c2d80042657296014a43eb2b0f4c1d7ba67b9d8e58
    pantry-tree:
      size: 9510
      sha256: 089527ee672549fc8dff442429abbc38529caf96d74a47f27af36f5ef744959c
  original:
    subdir: .
    url: https://github.com/smucclaw/baby-l4/archive/c757e61613b419940d1acc2c632d066bef2406b7.tar.gz
- completed:
    size: 3154513
    subdir: baby-l4-core
    url: https://github.com/smucclaw/baby-l4/archive/c757e61613b419940d1acc2c632d066bef2406b7.tar.gz
    name: baby-l4-core
    version: 0.1.0.0
    sha256: 47cd67b3ac089a683516a0c2d80042657296014a43eb2b0f4c1d7ba67b9d8e58
    pantry-tree:
      size: 650
      sha256: 0dd83c3143609fe9c63d25a1b193b77ff6479869d31aa1ecf2137f0dca21bfc8
  original:
    subdir: baby-l4-core
    url: https://github.com/smucclaw/baby-l4/archive/c757e61613b419940d1acc2c632d066bef2406b7.tar.gz
- completed:
    size: 1351076
    url: https://github.com/anka-213/gf-ud/archive/d078668f179f9fa6afeb7d7d001a7f6b13d2adbd.tar.gz
    name: gf-ud
    version: 0.1.0.0
    sha256: 254ec50f0453e6c62deb11499cb8aa92bdb6f2e171b263c2888ef23b4775f1db
    pantry-tree:
      size: 6417
      sha256: 5ad7f4599d469f5a9a75a805720cf8339fb4130a7316f16187f35d060833d2df
  original:
    url: https://github.com/anka-213/gf-ud/archive/d078668f179f9fa6afeb7d7d001a7f6b13d2adbd.tar.gz
- completed:
    size: 16398419
    url: https://github.com/anka-213/haskell-wordnet/archive/a6d675bcbe1585fc652f95f60e0dec826a660646.tar.gz
    name: wordnet
    version: 0.1.1.0
    sha256: 6a59dbb54d0067e9bbd95456b74be72481ec2e1835a85e7d2c5e7cc6472a23e4
    pantry-tree:
      size: 5871
      sha256: 7db8d23ba9a90ac1cc7a51d98bd3d464d3dcfe0c0f04b6ca795878c4f2d3ac1a
  original:
    url: https://github.com/anka-213/haskell-wordnet/archive/a6d675bcbe1585fc652f95f60e0dec826a660646.tar.gz
- completed:
    size: 3490407
    url: https://github.com/mengwong/gf-core/archive/38dd4b7dff07ec3c68d7f0c1f1c3de54a7ff4a86.tar.gz
    name: gf
    version: 3.11.0
    sha256: d4a91f7d8fa1d4f73cbaedfae10319c45baedcc775d1ae8d18dd889cc0a07b28
    pantry-tree:
      size: 67662
      sha256: 86c7062b4cf0d8db394c7fd2fabc73cad8d77f5f152dc4fb856c2f4f11e1a9c6
  original:
    url: https://github.com/mengwong/gf-core/archive/38dd4b7dff07ec3c68d7f0c1f1c3de54a7ff4a86.tar.gz
- completed:
    hackage: prolog-0.3.2@sha256:3a447764bf97ef7104e6c93a3314cb4f1b730b237eb04974632d2d86fa7b67a3,1105
    pantry-tree:
      size: 741
      sha256: f23b5ae4da14ec67060a97d7360ead327c0e0f59e962a5b000e24c4624bd35d9
  original:
    hackage: prolog-0.3.2@sha256:3a447764bf97ef7104e6c93a3314cb4f1b730b237eb04974632d2d86fa7b67a3,1105
- completed:
    hackage: svg-builder-0.1.1@sha256:825ebc18c4e457efa1bc6ca5f90f5abc80566992e8ffdab6ccb782407a46db32,1569
    pantry-tree:
      size: 535
      sha256: 4082f112e4f3d6363df6d12906b24bdcc9ebd7ac2c683841fac1254324373f8f
  original:
    hackage: svg-builder-0.1.1
snapshots:
- completed:
    size: 587393
    url: https://raw.githubusercontent.com/commercialhaskell/stackage-snapshots/master/lts/18/25.yaml
    sha256: 1b74fb5e970497b5aefae56703f1bd44aa648bd1a5ef95c1eb8c29775087e2bf
  original: lts-18.25
