# This file was autogenerated by Stack.
# You should not edit this file by hand.
# For more information, please see the documentation at:
#   https://docs.haskellstack.org/en/stable/lock_files

packages:
- completed:
    size: 3154513
    subdir: .
    url: https://github.com/smucclaw/baby-l4/archive/c757e61613b419940d1acc2c632d066bef2406b7.tar.gz
    name: baby-l4
    version: 0.1.0.0
    sha256: 47cd67b3ac089a683516a0c2d80042657296014a43eb2b0f4c1d7ba67b9d8e58
    pantry-tree:
      size: 9510
      sha256: 089527ee672549fc8dff442429abbc38529caf96d74a47f27af36f5ef744959c
  original:
    subdir: .
    url: https://github.com/smucclaw/baby-l4/archive/c757e61613b419940d1acc2c632d066bef2406b7.tar.gz
- completed:
    size: 3154513
    subdir: baby-l4-core
    url: https://github.com/smucclaw/baby-l4/archive/c757e61613b419940d1acc2c632d066bef2406b7.tar.gz
    name: baby-l4-core
    version: 0.1.0.0
    sha256: 47cd67b3ac089a683516a0c2d80042657296014a43eb2b0f4c1d7ba67b9d8e58
    pantry-tree:
      size: 650
      sha256: 0dd83c3143609fe9c63d25a1b193b77ff6479869d31aa1ecf2137f0dca21bfc8
  original:
    subdir: baby-l4-core
    url: https://github.com/smucclaw/baby-l4/archive/c757e61613b419940d1acc2c632d066bef2406b7.tar.gz
- completed:
    size: 1364864
    url: https://github.com/anka-213/gf-ud/archive/9a3a89f1e2896a26ab1671405f2af2b3facfc893.tar.gz
    name: gf-ud
    version: 0.1.0.0
    sha256: cf10611d53c229b020fc309ceddad93486f7ff610dc776afd72dd49df2616192
    pantry-tree:
      size: 7012
      sha256: c32ddb452d0a1450984614cb9eb5997cace1812c84af39519eb2cd8a16db9453
  original:
    url: https://github.com/anka-213/gf-ud/archive/9a3a89f1e2896a26ab1671405f2af2b3facfc893.tar.gz
- completed:
    hackage: compact-0.2.0.0@sha256:75ef98cb51201b4a0d6de95cbbb62be6237c092a3d594737346c70c5d56c2380,2413
    pantry-tree:
      size: 546
      sha256: 9514e48c9141b29a5f58b27c2950f17cc1c53eea3d393a6a1ed46ca16e876754
  original:
    hackage: compact-0.2.0.0@sha256:75ef98cb51201b4a0d6de95cbbb62be6237c092a3d594737346c70c5d56c2380,2413
- completed:
    size: 16398419
    url: https://github.com/anka-213/haskell-wordnet/archive/a6d675bcbe1585fc652f95f60e0dec826a660646.tar.gz
    name: wordnet
    version: 0.1.1.0
    sha256: 6a59dbb54d0067e9bbd95456b74be72481ec2e1835a85e7d2c5e7cc6472a23e4
    pantry-tree:
      size: 5871
      sha256: 7db8d23ba9a90ac1cc7a51d98bd3d464d3dcfe0c0f04b6ca795878c4f2d3ac1a
  original:
    url: https://github.com/anka-213/haskell-wordnet/archive/a6d675bcbe1585fc652f95f60e0dec826a660646.tar.gz
- completed:
    name: udpipe-hs
    version: 0.1.0.0
    git: https://github.com/anka-213/udpipe-hs.git
    pantry-tree:
      size: 46505
      sha256: 113a9b2276e12a623dd8c5f58f2feb7d6383f1c5a3ce3ff5abbfc2dfe5bd802c
    commit: 89998d79819c978d4740fd8c04f27ef6e5adc5cf
  original:
    git: https://github.com/anka-213/udpipe-hs.git
    commit: 89998d79819c978d4740fd8c04f27ef6e5adc5cf
- completed:
    size: 3494406
    url: https://github.com/anka-213/gf-core/archive/04ce6eea6cf75f1405bb8e30e8cfe2584e35cc89.tar.gz
    name: gf
    version: 3.11.0
    sha256: c2fa97d3708d651541e66a8394bb710f29cb2ec1c3f69a2e87a31ccf4f52369c
    pantry-tree:
      size: 67874
      sha256: 169c314a8c98340f52864a76d50a58a9de3d2acbc87a5ff17cd82c65d8862b65
  original:
    url: https://github.com/anka-213/gf-core/archive/04ce6eea6cf75f1405bb8e30e8cfe2584e35cc89.tar.gz
- completed:
    hackage: prolog-0.3.2@sha256:3a447764bf97ef7104e6c93a3314cb4f1b730b237eb04974632d2d86fa7b67a3,1105
    pantry-tree:
      size: 741
      sha256: f23b5ae4da14ec67060a97d7360ead327c0e0f59e962a5b000e24c4624bd35d9
  original:
    hackage: prolog-0.3.2@sha256:3a447764bf97ef7104e6c93a3314cb4f1b730b237eb04974632d2d86fa7b67a3,1105
- completed:
    hackage: svg-builder-0.1.1@sha256:825ebc18c4e457efa1bc6ca5f90f5abc80566992e8ffdab6ccb782407a46db32,1569
    pantry-tree:
      size: 535
      sha256: 4082f112e4f3d6363df6d12906b24bdcc9ebd7ac2c683841fac1254324373f8f
  original:
    hackage: svg-builder-0.1.1
snapshots:
- completed:
    size: 590100
    url: https://raw.githubusercontent.com/commercialhaskell/stackage-snapshots/master/lts/18/28.yaml
    sha256: 428ec8d5ce932190d3cbe266b9eb3c175cd81e984babf876b64019e2cbe4ea68
  original: lts-18.28
