# This file was autogenerated by Stack.
# You should not edit this file by hand.
# For more information, please see the documentation at:
#   https://docs.haskellstack.org/en/stable/lock_files

packages: []
snapshots:
- completed:
    sha256: dcf4fc28f12d805480ddbe8eb8c370e11db12f0461d0110a4240af27ac88d725
    size: 650255
    url: https://raw.githubusercontent.com/commercialhaskell/stackage-snapshots/master/lts/20/22.yaml
  original: lts-20.22
