{
  "nodes": {
    "bnfc": {
      "flake": false,
      "locked": {
        "lastModified": 1604002702,
        "narHash": "sha256-pbclcb8PrjadaBI6GzPjLdzzg47LCpBKPvkRmAoY448=",
        "owner": "BNFC",
        "repo": "bnfc",
        "rev": "d43e2571acae7a8254f289bff5868f9006aa74eb",
        "type": "github"
      },
      "original": {
        "owner": "BNFC",
        "ref": "master",
        "repo": "bnfc",
        "type": "github"
      }
    },
    "gf-core": {
      "flake": false,
      "locked": {
        "lastModified": 1603794229,
        "narHash": "sha256-AyE/wwFpcyHqPbenXyanSaO5rA1mCmJ+4f0R4kdpi6g=",
        "owner": "GrammaticalFramework",
        "repo": "gf-core",
        "rev": "7dc6717b5e95122a810d3b580981fc4ce0c9744b",
        "type": "github"
      },
      "original": {
        "owner": "GrammaticalFramework",
        "ref": "master",
        "repo": "gf-core",
        "type": "github"
      }
    },
    "gf-nix": {
      "inputs": {
        "bnfc": "bnfc",
        "gf-core": "gf-core",
        "gf-rgl": "gf-rgl",
        "gf-wordnet": "gf-wordnet",
        "nixpkgs": [
          "nixpkgs"
        ]
      },
      "locked": {
        "lastModified": 1604059173,
        "narHash": "sha256-zeuzilATK3BGak9AG9EBBMM7sedtCVQ0jlZirTYapv8=",
        "owner": "anka-213",
        "repo": "cclaw-nix-stuff",
        "rev": "302851eb950a1337c43809da05539db25ce127bf",
        "type": "github"
      },
      "original": {
        "owner": "anka-213",
        "ref": "nix-flakes",
        "repo": "cclaw-nix-stuff",
        "type": "github"
      }
    },
    "gf-rgl": {
      "flake": false,
      "locked": {
        "lastModified": 1603791882,
        "narHash": "sha256-syVXqpEDjicX/QglJYCz/nbC/gnFPc/qjWfSwdEpwGU=",
        "owner": "GrammaticalFramework",
        "repo": "gf-rgl",
        "rev": "ae7e895b1491f63793caabf6aeb6d0d863cb293d",
        "type": "github"
      },
      "original": {
        "owner": "GrammaticalFramework",
        "ref": "master",
        "repo": "gf-rgl",
        "type": "github"
      }
    },
    "gf-wordnet": {
      "flake": false,
      "locked": {
        "lastModified": 1603879166,
        "narHash": "sha256-iNP3TUWWVPBzAlZEBgKHlLC/pvl456l2GqZ4nyn4zOw=",
        "owner": "GrammaticalFramework",
        "repo": "gf-wordnet",
        "rev": "fa50c397877b273edd31d4e7af7bf8cfa41bf759",
        "type": "github"
      },
      "original": {
        "owner": "GrammaticalFramework",
        "ref": "master",
        "repo": "gf-wordnet",
        "type": "github"
      }
    },
    "nixpkgs": {
      "locked": {
        "lastModified": 1603918233,
        "narHash": "sha256-kc3v+TMNjJRiV9/HinAx7qsWI2wGPHToGnCeOYmahLI=",
        "owner": "NixOS",
        "repo": "nixpkgs",
        "rev": "edb26126d98bc696f4f3e206583faa65d3d6e818",
        "type": "github"
      },
      "original": {
        "owner": "NixOS",
        "ref": "nixos-20.09",
        "repo": "nixpkgs",
        "type": "github"
      }
    },
    "root": {
      "inputs": {
        "gf-nix": "gf-nix",
        "nixpkgs": "nixpkgs"
      }
    }
  },
  "root": "root",
  "version": 7
}
