# This file was autogenerated by Stack.
# You should not edit this file by hand.
# For more information, please see the documentation at:
#   https://docs.haskellstack.org/en/stable/lock_files

packages:
- completed:
    size: 3493072
    url: https://github.com/GrammaticalFramework/gf-core/archive/7dc6717b5e95122a810d3b580981fc4ce0c9744b.tar.gz
    name: gf
    version: 3.10.4
    sha256: 5ebb43d54c819ce3ea32f6274e3d464783ad0e676193217e8718e8b70b9306c3
    pantry-tree:
      size: 65479
      sha256: abd4187f99d31f9615cbea5ba9bea1a0bd4f8e67f4a74f1c6523949e71293f2c
  original:
    url: https://github.com/GrammaticalFramework/gf-core/archive/7dc6717b5e95122a810d3b580981fc4ce0c9744b.tar.gz
- completed:
    hackage: json-0.10@sha256:d9fc6b07ce92b8894825a17d2cf14799856767eb30c8bf55962baa579207d799,3210
    pantry-tree:
      size: 3190
      sha256: 5654f66b7cd8bf087ac040a9b0a83eb064219eab32230f61a3adeddfdbb4d4cd
  original:
    hackage: json-0.10@sha256:d9fc6b07ce92b8894825a17d2cf14799856767eb30c8bf55962baa579207d799,3210
snapshots:
- completed:
    size: 532177
    url: https://raw.githubusercontent.com/commercialhaskell/stackage-snapshots/master/lts/16/20.yaml
    sha256: 0e14ba5603f01e8496e8984fd84b545a012ca723f51a098c6c9d3694e404dc6d
  original: lts-16.20
