# This file was autogenerated by Stack.
# You should not edit this file by hand.
# For more information, please see the documentation at:
#   https://docs.haskellstack.org/en/stable/lock_files

packages:
- completed:
    hackage: orgmode-0.1.0.1@sha256:d811e95330d0d46700a9bef471fa0383f38a5c61c751a360aa216150bb9ff485,1575
    pantry-tree:
      sha256: f79052605ecdef43b8fe9747d4114a706a1f2fc505c8bb2c020bb7f3d29303db
      size: 473
  original:
    hackage: orgmode-0.1.0.1
snapshots:
- completed:
    sha256: 9fa4bece7acfac1fc7930c5d6e24606004b09e80aa0e52e9f68b148201008db9
    size: 649606
    url: https://raw.githubusercontent.com/commercialhaskell/stackage-snapshots/master/lts/20/18.yaml
  original: lts-20.18
